{
  "name": "eio4-websocket-reference",
  "lockfileVersion": 3,
  "requires": true,
  "packages": {
    "": {
      "name": "eio4-websocket-reference",
      "dependencies": {
        "engine.io-parser": "5.2.3"
      }
    },
    "node_modules/engine.io-parser": {
      "version": "5.2.3",
      "resolved": "https://registry.npmjs.org/engine.io-parser/-/engine.io-parser-5.2.3.tgz",
      "integrity": "sha512-HqD3yTBfnBxIrbnM1DoD6Pcq8NECnh8d4As1Qgh0z5Gg3jRRIqijury0CL3ghu/edArpUYiYqQiDUQBIs4np3Q==",
      "license": "MIT",
      "engines": {
        "node": ">=10.0.0"
      }
    }
  }
}
